schema: '2.0'
stages:
  get-features:
    cmd: python3 scripts/data_processing/features.py
    deps:
    - path: data/raw/test.csv
      hash: md5
      md5: 1a3d08fb959a6d1c76767e7c184882c0
      size: 53422
    - path: data/raw/train.csv
      hash: md5
      md5: 14ece5b375c75ee149d262018640ff6b
      size: 229201
    - path: scripts/data_processing/features.py
      hash: md5
      md5: 110e9e34cea261f7a011186795641a7c
      size: 3212
    outs:
    - path: data/features
      hash: md5
      md5: 5953b6ec0f28ac3a6c463b5fe7a5799a.dir
      size: 325020
      nfiles: 2
  prepared:
    cmd: python3 scripts/data_processing/prepared.py
    deps:
    - path: data/features/test.csv
      hash: md5
      md5: e2468dec735a91056b61941cc7db4b77
      size: 65988
    - path: data/features/train.csv
      hash: md5
      md5: 9d545e6cecd6279f4701ac89108b6a39
      size: 259032
    - path: scripts/data_processing/prepared.py
      hash: md5
      md5: 5d276ac655b5ea84342403b555d71b7e
      size: 1453
    outs:
    - path: data/prepared
      hash: md5
      md5: b2fdf5531ec80902ecf5ce8fbb3f4c4f.dir
      size: 371822
      nfiles: 2
  model-training:
    cmd: python3 scripts/model_scripts/model_training.py
    deps:
    - path: data/prepared/test.csv
      hash: md5
      md5: bd39bcabfdc4515fef237388f9b81349
      size: 69619
    - path: data/prepared/train.csv
      hash: md5
      md5: d9ae72cfbc298925a5c373369a508bcc
      size: 302203
    - path: scripts/model_scripts/model_training.py
      hash: md5
      md5: ee1e8598d2ce7f3f9160d6c74b042aad
      size: 560
    params:
      params.yaml:
        estimator.n_estimators: 300
    outs:
    - path: model.pkl
      hash: md5
      md5: 2498567df73d6f45e95b77497f2fe066
      size: 640878
  evaluate:
    cmd: python3 scripts/model_scripts/evaluate.py
    deps:
    - path: data/prepared/test.csv
      hash: md5
      md5: bd39bcabfdc4515fef237388f9b81349
      size: 69619
    - path: model.pkl
      hash: md5
      md5: 2498567df73d6f45e95b77497f2fe066
      size: 640878
    - path: scripts/model_scripts/evaluate.py
      hash: md5
      md5: c0cac065ecaa14299cac9b4185c1895e
      size: 551
    outs:
    - path: evaluate/score.json
      hash: md5
      md5: bc84d11f68a38c5294aae0103e3023c8
      size: 29
